// !$*UTF8*$!
{
	archiveVersion = 1;
	classes = {
	};
	objectVersion = 46;
	objects = {

/* Begin PBXBuildFile section */
		8A3E9B461A7513A000C2E0CC /* BLECommonButton.m in Sources */ = {isa = PBXBuildFile; fileRef = 8A3E9B441A7513A000C2E0CC /* BLECommonButton.m */; };
		8A3E9B471A7513A000C2E0CC /* Images.xcassets in Resources */ = {isa = PBXBuildFile; fileRef = 8A3E9B451A7513A000C2E0CC /* Images.xcassets */; };
		8A8DD1751A3B833200B4A3C3 /* main.m in Sources */ = {isa = PBXBuildFile; fileRef = 8A8DD1741A3B833200B4A3C3 /* main.m */; };
		8A8DD1781A3B833200B4A3C3 /* AppDelegate.m in Sources */ = {isa = PBXBuildFile; fileRef = 8A8DD1771A3B833200B4A3C3 /* AppDelegate.m */; };
		8A8DD17B1A3B833200B4A3C3 /* ViewController.m in Sources */ = {isa = PBXBuildFile; fileRef = 8A8DD17A1A3B833200B4A3C3 /* ViewController.m */; };
		8A8DD17E1A3B833200B4A3C3 /* Main.storyboard in Resources */ = {isa = PBXBuildFile; fileRef = 8A8DD17C1A3B833200B4A3C3 /* Main.storyboard */; };
		8A8DD1831A3B833200B4A3C3 /* LaunchScreen.xib in Resources */ = {isa = PBXBuildFile; fileRef = 8A8DD1811A3B833200B4A3C3 /* LaunchScreen.xib */; };
		8ACDE3E71A51EBBE00D5A471 /* swing.wav in Resources */ = {isa = PBXBuildFile; fileRef = 8ACDE3E61A51EBBE00D5A471 /* swing.wav */; };
		8ACDE3EA1A51EC4300D5A471 /* SensorHelper.m in Sources */ = {isa = PBXBuildFile; fileRef = 8ACDE3E91A51EC4300D5A471 /* SensorHelper.m */; };
/* End PBXBuildFile section */

/* Begin PBXFileReference section */
		8A3E9B421A7513A000C2E0CC /* BLEAppearance.h */ = {isa = PBXFileReference; fileEncoding = 4; lastKnownFileType = sourcecode.c.h; path = BLEAppearance.h; sourceTree = "<group>"; };
		8A3E9B431A7513A000C2E0CC /* BLECommonButton.h */ = {isa = PBXFileReference; fileEncoding = 4; lastKnownFileType = sourcecode.c.h; path = BLECommonButton.h; sourceTree = "<group>"; };
		8A3E9B441A7513A000C2E0CC /* BLECommonButton.m */ = {isa = PBXFileReference; fileEncoding = 4; lastKnownFileType = sourcecode.c.objc; path = BLECommonButton.m; sourceTree = "<group>"; };
		8A3E9B451A7513A000C2E0CC /* Images.xcassets */ = {isa = PBXFileReference; lastKnownFileType = folder.assetcatalog; path = Images.xcassets; sourceTree = "<group>"; };
		8A8DD16F1A3B833200B4A3C3 /* GestureRecognizerCentral.app */ = {isa = PBXFileReference; explicitFileType = wrapper.application; includeInIndex = 0; path = GestureRecognizerCentral.app; sourceTree = BUILT_PRODUCTS_DIR; };
		8A8DD1731A3B833200B4A3C3 /* Info.plist */ = {isa = PBXFileReference; lastKnownFileType = text.plist.xml; path = Info.plist; sourceTree = "<group>"; };
		8A8DD1741A3B833200B4A3C3 /* main.m */ = {isa = PBXFileReference; lastKnownFileType = sourcecode.c.objc; path = main.m; sourceTree = "<group>"; };
		8A8DD1761A3B833200B4A3C3 /* AppDelegate.h */ = {isa = PBXFileReference; lastKnownFileType = sourcecode.c.h; path = AppDelegate.h; sourceTree = "<group>"; };
		8A8DD1771A3B833200B4A3C3 /* AppDelegate.m */ = {isa = PBXFileReference; lastKnownFileType = sourcecode.c.objc; path = AppDelegate.m; sourceTree = "<group>"; };
		8A8DD1791A3B833200B4A3C3 /* ViewController.h */ = {isa = PBXFileReference; lastKnownFileType = sourcecode.c.h; path = ViewController.h; sourceTree = "<group>"; };
		8A8DD17A1A3B833200B4A3C3 /* ViewController.m */ = {isa = PBXFileReference; lastKnownFileType = sourcecode.c.objc; path = ViewController.m; sourceTree = "<group>"; };
		8A8DD17D1A3B833200B4A3C3 /* Base */ = {isa = PBXFileReference; lastKnownFileType = file.storyboard; name = Base; path = Base.lproj/Main.storyboard; sourceTree = "<group>"; };
		8A8DD1821A3B833200B4A3C3 /* Base */ = {isa = PBXFileReference; lastKnownFileType = file.xib; name = Base; path = Base.lproj/LaunchScreen.xib; sourceTree = "<group>"; };
		8A8DD1CB1A3B842B00B4A3C3 /* PrefixHeader.pch */ = {isa = PBXFileReference; lastKnownFileType = sourcecode.c.h; path = PrefixHeader.pch; sourceTree = "<group>"; };
		8ACDE3E61A51EBBE00D5A471 /* swing.wav */ = {isa = PBXFileReference; lastKnownFileType = audio.wav; path = swing.wav; sourceTree = "<group>"; };
		8ACDE3E81A51EC4300D5A471 /* SensorHelper.h */ = {isa = PBXFileReference; fileEncoding = 4; lastKnownFileType = sourcecode.c.h; path = SensorHelper.h; sourceTree = "<group>"; };
		8ACDE3E91A51EC4300D5A471 /* SensorHelper.m */ = {isa = PBXFileReference; fileEncoding = 4; lastKnownFileType = sourcecode.c.objc; path = SensorHelper.m; sourceTree = "<group>"; };
/* End PBXFileReference section */

/* Begin PBXFrameworksBuildPhase section */
		8A8DD16C1A3B833200B4A3C3 /* Frameworks */ = {
			isa = PBXFrameworksBuildPhase;
			buildActionMask = 2147483647;
			files = (
			);
			runOnlyForDeploymentPostprocessing = 0;
		};
/* End PBXFrameworksBuildPhase section */

/* Begin PBXGroup section */
		8A3E9B411A7513A000C2E0CC /* Common */ = {
			isa = PBXGroup;
			children = (
				8A3E9B421A7513A000C2E0CC /* BLEAppearance.h */,
				8A3E9B431A7513A000C2E0CC /* BLECommonButton.h */,
				8A3E9B441A7513A000C2E0CC /* BLECommonButton.m */,
				8A3E9B451A7513A000C2E0CC /* Images.xcassets */,
			);
			name = Common;
			path = ../../Common;
			sourceTree = "<group>";
		};
		8A8DD1661A3B833200B4A3C3 = {
			isa = PBXGroup;
			children = (
				8A3E9B411A7513A000C2E0CC /* Common */,
				8ACDE3E41A51EBBE00D5A471 /* Resources */,
				8A8DD1711A3B833200B4A3C3 /* GestureRecognizerCentral */,
				8A8DD1721A3B833200B4A3C3 /* Supporting Files */,
				8A8DD1701A3B833200B4A3C3 /* Products */,
			);
			sourceTree = "<group>";
		};
		8A8DD1701A3B833200B4A3C3 /* Products */ = {
			isa = PBXGroup;
			children = (
				8A8DD16F1A3B833200B4A3C3 /* GestureRecognizerCentral.app */,
			);
			name = Products;
			sourceTree = "<group>";
		};
		8A8DD1711A3B833200B4A3C3 /* GestureRecognizerCentral */ = {
			isa = PBXGroup;
			children = (
				8A8DD17C1A3B833200B4A3C3 /* Main.storyboard */,
				8A8DD1811A3B833200B4A3C3 /* LaunchScreen.xib */,
				8A8DD1761A3B833200B4A3C3 /* AppDelegate.h */,
				8A8DD1771A3B833200B4A3C3 /* AppDelegate.m */,
				8A8DD1791A3B833200B4A3C3 /* ViewController.h */,
				8A8DD17A1A3B833200B4A3C3 /* ViewController.m */,
				8ACDE3E81A51EC4300D5A471 /* SensorHelper.h */,
				8ACDE3E91A51EC4300D5A471 /* SensorHelper.m */,
			);
			path = GestureRecognizerCentral;
			sourceTree = "<group>";
		};
		8A8DD1721A3B833200B4A3C3 /* Supporting Files */ = {
			isa = PBXGroup;
			children = (
				8A8DD1731A3B833200B4A3C3 /* Info.plist */,
				8A8DD1741A3B833200B4A3C3 /* main.m */,
				8A8DD1CB1A3B842B00B4A3C3 /* PrefixHeader.pch */,
			);
			name = "Supporting Files";
			path = GestureRecognizerCentral;
			sourceTree = "<group>";
		};
		8ACDE3E41A51EBBE00D5A471 /* Resources */ = {
			isa = PBXGroup;
			children = (
				8ACDE3E51A51EBBE00D5A471 /* sounds */,
			);
			path = Resources;
			sourceTree = "<group>";
		};
		8ACDE3E51A51EBBE00D5A471 /* sounds */ = {
			isa = PBXGroup;
			children = (
				8ACDE3E61A51EBBE00D5A471 /* swing.wav */,
			);
			path = sounds;
			sourceTree = "<group>";
		};
/* End PBXGroup section */

/* Begin PBXNativeTarget section */
		8A8DD16E1A3B833200B4A3C3 /* GestureRecognizerCentral */ = {
			isa = PBXNativeTarget;
			buildConfigurationList = 8A8DD1921A3B833200B4A3C3 /* Build configuration list for PBXNativeTarget "GestureRecognizerCentral" */;
			buildPhases = (
				8A8DD16B1A3B833200B4A3C3 /* Sources */,
				8A8DD16C1A3B833200B4A3C3 /* Frameworks */,
				8A8DD16D1A3B833200B4A3C3 /* Resources */,
			);
			buildRules = (
			);
			dependencies = (
			);
			name = GestureRecognizerCentral;
			productName = GestureRecognizerCentral;
			productReference = 8A8DD16F1A3B833200B4A3C3 /* GestureRecognizerCentral.app */;
			productType = "com.apple.product-type.application";
		};
/* End PBXNativeTarget section */

/* Begin PBXProject section */
		8A8DD1671A3B833200B4A3C3 /* Project object */ = {
			isa = PBXProject;
			attributes = {
				LastUpgradeCheck = 0700;
				ORGANIZATIONNAME = "Shuichi Tsutsumi";
				TargetAttributes = {
					8A8DD16E1A3B833200B4A3C3 = {
						CreatedOnToolsVersion = 6.1.1;
					};
				};
			};
			buildConfigurationList = 8A8DD16A1A3B833200B4A3C3 /* Build configuration list for PBXProject "GestureRecognizerCentral" */;
			compatibilityVersion = "Xcode 3.2";
			developmentRegion = English;
			hasScannedForEncodings = 0;
			knownRegions = (
				en,
				Base,
			);
			mainGroup = 8A8DD1661A3B833200B4A3C3;
			productRefGroup = 8A8DD1701A3B833200B4A3C3 /* Products */;
			projectDirPath = "";
			projectRoot = "";
			targets = (
				8A8DD16E1A3B833200B4A3C3 /* GestureRecognizerCentral */,
			);
		};
/* End PBXProject section */

/* Begin PBXResourcesBuildPhase section */
		8A8DD16D1A3B833200B4A3C3 /* Resources */ = {
			isa = PBXResourcesBuildPhase;
			buildActionMask = 2147483647;
			files = (
				8A8DD17E1A3B833200B4A3C3 /* Main.storyboard in Resources */,
				8A3E9B471A7513A000C2E0CC /* Images.xcassets in Resources */,
				8ACDE3E71A51EBBE00D5A471 /* swing.wav in Resources */,
				8A8DD1831A3B833200B4A3C3 /* LaunchScreen.xib in Resources */,
			);
			runOnlyForDeploymentPostprocessing = 0;
		};
/* End PBXResourcesBuildPhase section */

/* Begin PBXSourcesBuildPhase section */
		8A8DD16B1A3B833200B4A3C3 /* Sources */ = {
			isa = PBXSourcesBuildPhase;
			buildActionMask = 2147483647;
			files = (
				8A8DD17B1A3B833200B4A3C3 /* ViewController.m in Sources */,
				8A8DD1781A3B833200B4A3C3 /* AppDelegate.m in Sources */,
				8A3E9B461A7513A000C2E0CC /* BLECommonButton.m in Sources */,
				8A8DD1751A3B833200B4A3C3 /* main.m in Sources */,
				8ACDE3EA1A51EC4300D5A471 /* SensorHelper.m in Sources */,
			);
			runOnlyForDeploymentPostprocessing = 0;
		};
/* End PBXSourcesBuildPhase section */

/* Begin PBXVariantGroup section */
		8A8DD17C1A3B833200B4A3C3 /* Main.storyboard */ = {
			isa = PBXVariantGroup;
			children = (
				8A8DD17D1A3B833200B4A3C3 /* Base */,
			);
			name = Main.storyboard;
			sourceTree = "<group>";
		};
		8A8DD1811A3B833200B4A3C3 /* LaunchScreen.xib */ = {
			isa = PBXVariantGroup;
			children = (
				8A8DD1821A3B833200B4A3C3 /* Base */,
			);
			name = LaunchScreen.xib;
			sourceTree = "<group>";
		};
/* End PBXVariantGroup section */

/* Begin XCBuildConfiguration section */
		8A8DD1901A3B833200B4A3C3 /* Debug */ = {
			isa = XCBuildConfiguration;
			buildSettings = {
				ALWAYS_SEARCH_USER_PATHS = NO;
				CLANG_CXX_LANGUAGE_STANDARD = "gnu++0x";
				CLANG_CXX_LIBRARY = "libc++";
				CLANG_ENABLE_MODULES = YES;
				CLANG_ENABLE_OBJC_ARC = YES;
				CLANG_WARN_BOOL_CONVERSION = YES;
				CLANG_WARN_CONSTANT_CONVERSION = YES;
				CLANG_WARN_DIRECT_OBJC_ISA_USAGE = YES_ERROR;
				CLANG_WARN_EMPTY_BODY = YES;
				CLANG_WARN_ENUM_CONVERSION = YES;
				CLANG_WARN_INT_CONVERSION = YES;
				CLANG_WARN_OBJC_ROOT_CLASS = YES_ERROR;
				CLANG_WARN_UNREACHABLE_CODE = YES;
				CLANG_WARN__DUPLICATE_METHOD_MATCH = YES;
				"CODE_SIGN_IDENTITY[sdk=iphoneos*]" = "iPhone Developer";
				COPY_PHASE_STRIP = NO;
				ENABLE_STRICT_OBJC_MSGSEND = YES;
				ENABLE_TESTABILITY = YES;
				GCC_C_LANGUAGE_STANDARD = gnu99;
				GCC_DYNAMIC_NO_PIC = NO;
				GCC_OPTIMIZATION_LEVEL = 0;
				GCC_PREPROCESSOR_DEFINITIONS = (
					"DEBUG=1",
					"$(inherited)",
				);
				GCC_SYMBOLS_PRIVATE_EXTERN = NO;
				GCC_WARN_64_TO_32_BIT_CONVERSION = YES;
				GCC_WARN_ABOUT_RETURN_TYPE = YES_ERROR;
				GCC_WARN_UNDECLARED_SELECTOR = YES;
				GCC_WARN_UNINITIALIZED_AUTOS = YES_AGGRESSIVE;
				GCC_WARN_UNUSED_FUNCTION = YES;
				GCC_WARN_UNUSED_VARIABLE = YES;
				IPHONEOS_DEPLOYMENT_TARGET = 8.4;
				MTL_ENABLE_DEBUG_INFO = YES;
				ONLY_ACTIVE_ARCH = YES;
				SDKROOT = iphoneos;
			};
			name = Debug;
		};
		8A8DD1911A3B833200B4A3C3 /* Release */ = {
			isa = XCBuildConfiguration;
			buildSettings = {
				ALWAYS_SEARCH_USER_PATHS = NO;
				CLANG_CXX_LANGUAGE_STANDARD = "gnu++0x";
				CLANG_CXX_LIBRARY = "libc++";
				CLANG_ENABLE_MODULES = YES;
				CLANG_ENABLE_OBJC_ARC = YES;
				CLANG_WARN_BOOL_CONVERSION = YES;
				CLANG_WARN_CONSTANT_CONVERSION = YES;
				CLANG_WARN_DIRECT_OBJC_ISA_USAGE = YES_ERROR;
				CLANG_WARN_EMPTY_BODY = YES;
				CLANG_WARN_ENUM_CONVERSION = YES;
				CLANG_WARN_INT_CONVERSION = YES;
				CLANG_WARN_OBJC_ROOT_CLASS = YES_ERROR;
				CLANG_WARN_UNREACHABLE_CODE = YES;
				CLANG_WARN__DUPLICATE_METHOD_MATCH = YES;
				"CODE_SIGN_IDENTITY[sdk=iphoneos*]" = "iPhone Developer";
				COPY_PHASE_STRIP = YES;
				ENABLE_NS_ASSERTIONS = NO;
				ENABLE_STRICT_OBJC_MSGSEND = YES;
				GCC_C_LANGUAGE_STANDARD = gnu99;
				GCC_WARN_64_TO_32_BIT_CONVERSION = YES;
				GCC_WARN_ABOUT_RETURN_TYPE = YES_ERROR;
				GCC_WARN_UNDECLARED_SELECTOR = YES;
				GCC_WARN_UNINITIALIZED_AUTOS = YES_AGGRESSIVE;
				GCC_WARN_UNUSED_FUNCTION = YES;
				GCC_WARN_UNUSED_VARIABLE = YES;
				IPHONEOS_DEPLOYMENT_TARGET = 8.4;
				MTL_ENABLE_DEBUG_INFO = NO;
				SDKROOT = iphoneos;
				VALIDATE_PRODUCT = YES;
			};
			name = Release;
		};
		8A8DD1931A3B833200B4A3C3 /* Debug */ = {
			isa = XCBuildConfiguration;
			buildSettings = {
				ASSETCATALOG_COMPILER_APPICON_NAME = AppIcon;
				ASSETCATALOG_COMPILER_LAUNCHIMAGE_NAME = LaunchImage;
				GCC_PREFIX_HEADER = GestureRecognizerCentral/PrefixHeader.pch;
				INFOPLIST_FILE = GestureRecognizerCentral/Info.plist;
				LD_RUNPATH_SEARCH_PATHS = "$(inherited) @executable_path/Frameworks";
				PRODUCT_BUNDLE_IDENTIFIER = "Shuichi-Tsutsumi.$(PRODUCT_NAME:rfc1034identifier)";
				PRODUCT_NAME = "$(TARGET_NAME)";
			};
			name = Debug;
		};
		8A8DD1941A3B833200B4A3C3 /* Release */ = {
			isa = XCBuildConfiguration;
			buildSettings = {
				ASSETCATALOG_COMPILER_APPICON_NAME = AppIcon;
				ASSETCATALOG_COMPILER_LAUNCHIMAGE_NAME = LaunchImage;
				GCC_PREFIX_HEADER = GestureRecognizerCentral/PrefixHeader.pch;
				INFOPLIST_FILE = GestureRecognizerCentral/Info.plist;
				LD_RUNPATH_SEARCH_PATHS = "$(inherited) @executable_path/Frameworks";
				PRODUCT_BUNDLE_IDENTIFIER = "Shuichi-Tsutsumi.$(PRODUCT_NAME:rfc1034identifier)";
				PRODUCT_NAME = "$(TARGET_NAME)";
			};
			name = Release;
		};
/* End XCBuildConfiguration section */

/* Begin XCConfigurationList section */
		8A8DD16A1A3B833200B4A3C3 /* Build configuration list for PBXProject "GestureRecognizerCentral" */ = {
			isa = XCConfigurationList;
			buildConfigurations = (
				8A8DD1901A3B833200B4A3C3 /* Debug */,
				8A8DD1911A3B833200B4A3C3 /* Release */,
			);
			defaultConfigurationIsVisible = 0;
			defaultConfigurationName = Release;
		};
		8A8DD1921A3B833200B4A3C3 /* Build configuration list for PBXNativeTarget "GestureRecognizerCentral" */ = {
			isa = XCConfigurationList;
			buildConfigurations = (
				8A8DD1931A3B833200B4A3C3 /* Debug */,
				8A8DD1941A3B833200B4A3C3 /* Release */,
			);
			defaultConfigurationIsVisible = 0;
			defaultConfigurationName = Release;
		};
/* End XCConfigurationList section */
	};
	rootObject = 8A8DD1671A3B833200B4A3C3 /* Project object */;
}
