// !$*UTF8*$!
{
	archiveVersion = 1;
	classes = {
	};
	objectVersion = 46;
	objects = {

/* Begin PBXBuildFile section */
		8A1B70171A6E29CB00F5F0C8 /* main.m in Sources */ = {isa = PBXBuildFile; fileRef = 8A1B70161A6E29CB00F5F0C8 /* main.m */; };
		8A1B701A1A6E29CB00F5F0C8 /* AppDelegate.m in Sources */ = {isa = PBXBuildFile; fileRef = 8A1B70191A6E29CB00F5F0C8 /* AppDelegate.m */; };
		8A1B701D1A6E29CB00F5F0C8 /* ViewController.m in Sources */ = {isa = PBXBuildFile; fileRef = 8A1B701C1A6E29CB00F5F0C8 /* ViewController.m */; };
		8A1B70201A6E29CB00F5F0C8 /* Main.storyboard in Resources */ = {isa = PBXBuildFile; fileRef = 8A1B701E1A6E29CB00F5F0C8 /* Main.storyboard */; };
		8A1B70251A6E29CB00F5F0C8 /* LaunchScreen.xib in Resources */ = {isa = PBXBuildFile; fileRef = 8A1B70231A6E29CB00F5F0C8 /* LaunchScreen.xib */; };
		8A684B071A74F5D200B9CFB7 /* BLECommonButton.m in Sources */ = {isa = PBXBuildFile; fileRef = 8A684B051A74F5D200B9CFB7 /* BLECommonButton.m */; };
		8A684B081A74F5D200B9CFB7 /* Images.xcassets in Resources */ = {isa = PBXBuildFile; fileRef = 8A684B061A74F5D200B9CFB7 /* Images.xcassets */; };
/* End PBXBuildFile section */

/* Begin PBXFileReference section */
		8A1B70111A6E29CB00F5F0C8 /* BLEUUIDExmaple.app */ = {isa = PBXFileReference; explicitFileType = wrapper.application; includeInIndex = 0; path = BLEUUIDExmaple.app; sourceTree = BUILT_PRODUCTS_DIR; };
		8A1B70151A6E29CB00F5F0C8 /* Info.plist */ = {isa = PBXFileReference; lastKnownFileType = text.plist.xml; path = Info.plist; sourceTree = "<group>"; };
		8A1B70161A6E29CB00F5F0C8 /* main.m */ = {isa = PBXFileReference; lastKnownFileType = sourcecode.c.objc; path = main.m; sourceTree = "<group>"; };
		8A1B70181A6E29CB00F5F0C8 /* AppDelegate.h */ = {isa = PBXFileReference; lastKnownFileType = sourcecode.c.h; path = AppDelegate.h; sourceTree = "<group>"; };
		8A1B70191A6E29CB00F5F0C8 /* AppDelegate.m */ = {isa = PBXFileReference; lastKnownFileType = sourcecode.c.objc; path = AppDelegate.m; sourceTree = "<group>"; };
		8A1B701B1A6E29CB00F5F0C8 /* ViewController.h */ = {isa = PBXFileReference; lastKnownFileType = sourcecode.c.h; path = ViewController.h; sourceTree = "<group>"; };
		8A1B701C1A6E29CB00F5F0C8 /* ViewController.m */ = {isa = PBXFileReference; lastKnownFileType = sourcecode.c.objc; path = ViewController.m; sourceTree = "<group>"; };
		8A1B701F1A6E29CB00F5F0C8 /* Base */ = {isa = PBXFileReference; lastKnownFileType = file.storyboard; name = Base; path = Base.lproj/Main.storyboard; sourceTree = "<group>"; };
		8A1B70241A6E29CB00F5F0C8 /* Base */ = {isa = PBXFileReference; lastKnownFileType = file.xib; name = Base; path = Base.lproj/LaunchScreen.xib; sourceTree = "<group>"; };
		8A684B031A74F5D200B9CFB7 /* BLEAppearance.h */ = {isa = PBXFileReference; fileEncoding = 4; lastKnownFileType = sourcecode.c.h; path = BLEAppearance.h; sourceTree = "<group>"; };
		8A684B041A74F5D200B9CFB7 /* BLECommonButton.h */ = {isa = PBXFileReference; fileEncoding = 4; lastKnownFileType = sourcecode.c.h; path = BLECommonButton.h; sourceTree = "<group>"; };
		8A684B051A74F5D200B9CFB7 /* BLECommonButton.m */ = {isa = PBXFileReference; fileEncoding = 4; lastKnownFileType = sourcecode.c.objc; path = BLECommonButton.m; sourceTree = "<group>"; };
		8A684B061A74F5D200B9CFB7 /* Images.xcassets */ = {isa = PBXFileReference; lastKnownFileType = folder.assetcatalog; path = Images.xcassets; sourceTree = "<group>"; };
/* End PBXFileReference section */

/* Begin PBXFrameworksBuildPhase section */
		8A1B700E1A6E29CB00F5F0C8 /* Frameworks */ = {
			isa = PBXFrameworksBuildPhase;
			buildActionMask = 2147483647;
			files = (
			);
			runOnlyForDeploymentPostprocessing = 0;
		};
/* End PBXFrameworksBuildPhase section */

/* Begin PBXGroup section */
		8A1B70081A6E29CB00F5F0C8 = {
			isa = PBXGroup;
			children = (
				8A684B021A74F5D200B9CFB7 /* Common */,
				8A1B70131A6E29CB00F5F0C8 /* BLEUUIDExmaple */,
				8A1B70141A6E29CB00F5F0C8 /* Supporting Files */,
				8A1B70121A6E29CB00F5F0C8 /* Products */,
			);
			sourceTree = "<group>";
		};
		8A1B70121A6E29CB00F5F0C8 /* Products */ = {
			isa = PBXGroup;
			children = (
				8A1B70111A6E29CB00F5F0C8 /* BLEUUIDExmaple.app */,
			);
			name = Products;
			sourceTree = "<group>";
		};
		8A1B70131A6E29CB00F5F0C8 /* BLEUUIDExmaple */ = {
			isa = PBXGroup;
			children = (
				8A1B701E1A6E29CB00F5F0C8 /* Main.storyboard */,
				8A1B70231A6E29CB00F5F0C8 /* LaunchScreen.xib */,
				8A1B70181A6E29CB00F5F0C8 /* AppDelegate.h */,
				8A1B70191A6E29CB00F5F0C8 /* AppDelegate.m */,
				8A1B701B1A6E29CB00F5F0C8 /* ViewController.h */,
				8A1B701C1A6E29CB00F5F0C8 /* ViewController.m */,
			);
			path = BLEUUIDExmaple;
			sourceTree = "<group>";
		};
		8A1B70141A6E29CB00F5F0C8 /* Supporting Files */ = {
			isa = PBXGroup;
			children = (
				8A1B70151A6E29CB00F5F0C8 /* Info.plist */,
				8A1B70161A6E29CB00F5F0C8 /* main.m */,
			);
			name = "Supporting Files";
			path = BLEUUIDExmaple;
			sourceTree = "<group>";
		};
		8A684B021A74F5D200B9CFB7 /* Common */ = {
			isa = PBXGroup;
			children = (
				8A684B031A74F5D200B9CFB7 /* BLEAppearance.h */,
				8A684B041A74F5D200B9CFB7 /* BLECommonButton.h */,
				8A684B051A74F5D200B9CFB7 /* BLECommonButton.m */,
				8A684B061A74F5D200B9CFB7 /* Images.xcassets */,
			);
			name = Common;
			path = ../../Common;
			sourceTree = "<group>";
		};
/* End PBXGroup section */

/* Begin PBXNativeTarget section */
		8A1B70101A6E29CB00F5F0C8 /* BLEUUIDExmaple */ = {
			isa = PBXNativeTarget;
			buildConfigurationList = 8A1B70341A6E29CB00F5F0C8 /* Build configuration list for PBXNativeTarget "BLEUUIDExmaple" */;
			buildPhases = (
				8A1B700D1A6E29CB00F5F0C8 /* Sources */,
				8A1B700E1A6E29CB00F5F0C8 /* Frameworks */,
				8A1B700F1A6E29CB00F5F0C8 /* Resources */,
			);
			buildRules = (
			);
			dependencies = (
			);
			name = BLEUUIDExmaple;
			productName = BLEUUIDExmaple;
			productReference = 8A1B70111A6E29CB00F5F0C8 /* BLEUUIDExmaple.app */;
			productType = "com.apple.product-type.application";
		};
/* End PBXNativeTarget section */

/* Begin PBXProject section */
		8A1B70091A6E29CB00F5F0C8 /* Project object */ = {
			isa = PBXProject;
			attributes = {
				LastUpgradeCheck = 0700;
				ORGANIZATIONNAME = "Shuichi Tsutsumi";
				TargetAttributes = {
					8A1B70101A6E29CB00F5F0C8 = {
						CreatedOnToolsVersion = 6.2;
					};
				};
			};
			buildConfigurationList = 8A1B700C1A6E29CB00F5F0C8 /* Build configuration list for PBXProject "BLEUUIDExmaple" */;
			compatibilityVersion = "Xcode 3.2";
			developmentRegion = English;
			hasScannedForEncodings = 0;
			knownRegions = (
				en,
				Base,
			);
			mainGroup = 8A1B70081A6E29CB00F5F0C8;
			productRefGroup = 8A1B70121A6E29CB00F5F0C8 /* Products */;
			projectDirPath = "";
			projectRoot = "";
			targets = (
				8A1B70101A6E29CB00F5F0C8 /* BLEUUIDExmaple */,
			);
		};
/* End PBXProject section */

/* Begin PBXResourcesBuildPhase section */
		8A1B700F1A6E29CB00F5F0C8 /* Resources */ = {
			isa = PBXResourcesBuildPhase;
			buildActionMask = 2147483647;
			files = (
				8A684B081A74F5D200B9CFB7 /* Images.xcassets in Resources */,
				8A1B70201A6E29CB00F5F0C8 /* Main.storyboard in Resources */,
				8A1B70251A6E29CB00F5F0C8 /* LaunchScreen.xib in Resources */,
			);
			runOnlyForDeploymentPostprocessing = 0;
		};
/* End PBXResourcesBuildPhase section */

/* Begin PBXSourcesBuildPhase section */
		8A1B700D1A6E29CB00F5F0C8 /* Sources */ = {
			isa = PBXSourcesBuildPhase;
			buildActionMask = 2147483647;
			files = (
				8A684B071A74F5D200B9CFB7 /* BLECommonButton.m in Sources */,
				8A1B701D1A6E29CB00F5F0C8 /* ViewController.m in Sources */,
				8A1B701A1A6E29CB00F5F0C8 /* AppDelegate.m in Sources */,
				8A1B70171A6E29CB00F5F0C8 /* main.m in Sources */,
			);
			runOnlyForDeploymentPostprocessing = 0;
		};
/* End PBXSourcesBuildPhase section */

/* Begin PBXVariantGroup section */
		8A1B701E1A6E29CB00F5F0C8 /* Main.storyboard */ = {
			isa = PBXVariantGroup;
			children = (
				8A1B701F1A6E29CB00F5F0C8 /* Base */,
			);
			name = Main.storyboard;
			sourceTree = "<group>";
		};
		8A1B70231A6E29CB00F5F0C8 /* LaunchScreen.xib */ = {
			isa = PBXVariantGroup;
			children = (
				8A1B70241A6E29CB00F5F0C8 /* Base */,
			);
			name = LaunchScreen.xib;
			sourceTree = "<group>";
		};
/* End PBXVariantGroup section */

/* Begin XCBuildConfiguration section */
		8A1B70321A6E29CB00F5F0C8 /* Debug */ = {
			isa = XCBuildConfiguration;
			buildSettings = {
				ALWAYS_SEARCH_USER_PATHS = NO;
				CLANG_CXX_LANGUAGE_STANDARD = "gnu++0x";
				CLANG_CXX_LIBRARY = "libc++";
				CLANG_ENABLE_MODULES = YES;
				CLANG_ENABLE_OBJC_ARC = YES;
				CLANG_WARN_BOOL_CONVERSION = YES;
				CLANG_WARN_CONSTANT_CONVERSION = YES;
				CLANG_WARN_DIRECT_OBJC_ISA_USAGE = YES_ERROR;
				CLANG_WARN_EMPTY_BODY = YES;
				CLANG_WARN_ENUM_CONVERSION = YES;
				CLANG_WARN_INT_CONVERSION = YES;
				CLANG_WARN_OBJC_ROOT_CLASS = YES_ERROR;
				CLANG_WARN_UNREACHABLE_CODE = YES;
				CLANG_WARN__DUPLICATE_METHOD_MATCH = YES;
				"CODE_SIGN_IDENTITY[sdk=iphoneos*]" = "iPhone Developer";
				COPY_PHASE_STRIP = NO;
				ENABLE_STRICT_OBJC_MSGSEND = YES;
				ENABLE_TESTABILITY = YES;
				GCC_C_LANGUAGE_STANDARD = gnu99;
				GCC_DYNAMIC_NO_PIC = NO;
				GCC_OPTIMIZATION_LEVEL = 0;
				GCC_PREPROCESSOR_DEFINITIONS = (
					"DEBUG=1",
					"$(inherited)",
				);
				GCC_SYMBOLS_PRIVATE_EXTERN = NO;
				GCC_WARN_64_TO_32_BIT_CONVERSION = YES;
				GCC_WARN_ABOUT_RETURN_TYPE = YES_ERROR;
				GCC_WARN_UNDECLARED_SELECTOR = YES;
				GCC_WARN_UNINITIALIZED_AUTOS = YES_AGGRESSIVE;
				GCC_WARN_UNUSED_FUNCTION = YES;
				GCC_WARN_UNUSED_VARIABLE = YES;
				IPHONEOS_DEPLOYMENT_TARGET = 8.4;
				MTL_ENABLE_DEBUG_INFO = YES;
				ONLY_ACTIVE_ARCH = YES;
				SDKROOT = iphoneos;
			};
			name = Debug;
		};
		8A1B70331A6E29CB00F5F0C8 /* Release */ = {
			isa = XCBuildConfiguration;
			buildSettings = {
				ALWAYS_SEARCH_USER_PATHS = NO;
				CLANG_CXX_LANGUAGE_STANDARD = "gnu++0x";
				CLANG_CXX_LIBRARY = "libc++";
				CLANG_ENABLE_MODULES = YES;
				CLANG_ENABLE_OBJC_ARC = YES;
				CLANG_WARN_BOOL_CONVERSION = YES;
				CLANG_WARN_CONSTANT_CONVERSION = YES;
				CLANG_WARN_DIRECT_OBJC_ISA_USAGE = YES_ERROR;
				CLANG_WARN_EMPTY_BODY = YES;
				CLANG_WARN_ENUM_CONVERSION = YES;
				CLANG_WARN_INT_CONVERSION = YES;
				CLANG_WARN_OBJC_ROOT_CLASS = YES_ERROR;
				CLANG_WARN_UNREACHABLE_CODE = YES;
				CLANG_WARN__DUPLICATE_METHOD_MATCH = YES;
				"CODE_SIGN_IDENTITY[sdk=iphoneos*]" = "iPhone Developer";
				COPY_PHASE_STRIP = NO;
				ENABLE_NS_ASSERTIONS = NO;
				ENABLE_STRICT_OBJC_MSGSEND = YES;
				GCC_C_LANGUAGE_STANDARD = gnu99;
				GCC_WARN_64_TO_32_BIT_CONVERSION = YES;
				GCC_WARN_ABOUT_RETURN_TYPE = YES_ERROR;
				GCC_WARN_UNDECLARED_SELECTOR = YES;
				GCC_WARN_UNINITIALIZED_AUTOS = YES_AGGRESSIVE;
				GCC_WARN_UNUSED_FUNCTION = YES;
				GCC_WARN_UNUSED_VARIABLE = YES;
				IPHONEOS_DEPLOYMENT_TARGET = 8.4;
				MTL_ENABLE_DEBUG_INFO = NO;
				SDKROOT = iphoneos;
				VALIDATE_PRODUCT = YES;
			};
			name = Release;
		};
		8A1B70351A6E29CB00F5F0C8 /* Debug */ = {
			isa = XCBuildConfiguration;
			buildSettings = {
				ASSETCATALOG_COMPILER_APPICON_NAME = AppIcon;
				ASSETCATALOG_COMPILER_LAUNCHIMAGE_NAME = LaunchImage;
				INFOPLIST_FILE = BLEUUIDExmaple/Info.plist;
				LD_RUNPATH_SEARCH_PATHS = "$(inherited) @executable_path/Frameworks";
				PRODUCT_BUNDLE_IDENTIFIER = "Shuichi-Tsutsumi.$(PRODUCT_NAME:rfc1034identifier)";
				PRODUCT_NAME = "$(TARGET_NAME)";
			};
			name = Debug;
		};
		8A1B70361A6E29CB00F5F0C8 /* Release */ = {
			isa = XCBuildConfiguration;
			buildSettings = {
				ASSETCATALOG_COMPILER_APPICON_NAME = AppIcon;
				ASSETCATALOG_COMPILER_LAUNCHIMAGE_NAME = LaunchImage;
				INFOPLIST_FILE = BLEUUIDExmaple/Info.plist;
				LD_RUNPATH_SEARCH_PATHS = "$(inherited) @executable_path/Frameworks";
				PRODUCT_BUNDLE_IDENTIFIER = "Shuichi-Tsutsumi.$(PRODUCT_NAME:rfc1034identifier)";
				PRODUCT_NAME = "$(TARGET_NAME)";
			};
			name = Release;
		};
/* End XCBuildConfiguration section */

/* Begin XCConfigurationList section */
		8A1B700C1A6E29CB00F5F0C8 /* Build configuration list for PBXProject "BLEUUIDExmaple" */ = {
			isa = XCConfigurationList;
			buildConfigurations = (
				8A1B70321A6E29CB00F5F0C8 /* Debug */,
				8A1B70331A6E29CB00F5F0C8 /* Release */,
			);
			defaultConfigurationIsVisible = 0;
			defaultConfigurationName = Release;
		};
		8A1B70341A6E29CB00F5F0C8 /* Build configuration list for PBXNativeTarget "BLEUUIDExmaple" */ = {
			isa = XCConfigurationList;
			buildConfigurations = (
				8A1B70351A6E29CB00F5F0C8 /* Debug */,
				8A1B70361A6E29CB00F5F0C8 /* Release */,
			);
			defaultConfigurationIsVisible = 0;
			defaultConfigurationName = Release;
		};
/* End XCConfigurationList section */
	};
	rootObject = 8A1B70091A6E29CB00F5F0C8 /* Project object */;
}
